// !$*UTF8*$!
{
	archiveVersion = 1;
	classes = {
	};
	objectVersion = 50;
	objects = {

/* Begin PBXBuildFile section */
		232194E62671205700A5035D /* AddStudentsController.swift in Sources */ = {isa = PBXBuildFile; fileRef = 232194E52671205700A5035D /* AddStudentsController.swift */; };
		23C549B9266E77AA00CC7772 /* AppDelegate.swift in Sources */ = {isa = PBXBuildFile; fileRef = 23C549B8266E77AA00CC7772 /* AppDelegate.swift */; };
		23C549BB266E77AA00CC7772 /* SceneDelegate.swift in Sources */ = {isa = PBXBuildFile; fileRef = 23C549BA266E77AA00CC7772 /* SceneDelegate.swift */; };
		23C549BD266E77AA00CC7772 /* ShowStudentsController.swift in Sources */ = {isa = PBXBuildFile; fileRef = 23C549BC266E77AA00CC7772 /* ShowStudentsController.swift */; };
		23C549C0266E77AA00CC7772 /* Main.storyboard in Resources */ = {isa = PBXBuildFile; fileRef = 23C549BE266E77AA00CC7772 /* Main.storyboard */; };
		23C549C3266E77AA00CC7772 /* StudentManager.xcdatamodeld in Sources */ = {isa = PBXBuildFile; fileRef = 23C549C1266E77AA00CC7772 /* StudentManager.xcdatamodeld */; };
		23C549C5266E77AB00CC7772 /* Assets.xcassets in Resources */ = {isa = PBXBuildFile; fileRef = 23C549C4266E77AB00CC7772 /* Assets.xcassets */; };
		23C549C8266E77AB00CC7772 /* LaunchScreen.storyboard in Resources */ = {isa = PBXBuildFile; fileRef = 23C549C6266E77AB00CC7772 /* LaunchScreen.storyboard */; };
/* End PBXBuildFile section */

/* Begin PBXFileReference section */
		232194E52671205700A5035D /* AddStudentsController.swift */ = {isa = PBXFileReference; lastKnownFileType = sourcecode.swift; path = AddStudentsController.swift; sourceTree = "<group>"; };
		23C549B5266E77AA00CC7772 /* StudentManager.app */ = {isa = PBXFileReference; explicitFileType = wrapper.application; includeInIndex = 0; path = StudentManager.app; sourceTree = BUILT_PRODUCTS_DIR; };
		23C549B8266E77AA00CC7772 /* AppDelegate.swift */ = {isa = PBXFileReference; lastKnownFileType = sourcecode.swift; path = AppDelegate.swift; sourceTree = "<group>"; };
		23C549BA266E77AA00CC7772 /* SceneDelegate.swift */ = {isa = PBXFileReference; lastKnownFileType = sourcecode.swift; path = SceneDelegate.swift; sourceTree = "<group>"; };
		23C549BC266E77AA00CC7772 /* ShowStudentsController.swift */ = {isa = PBXFileReference; lastKnownFileType = sourcecode.swift; path = ShowStudentsController.swift; sourceTree = "<group>"; };
		23C549BF266E77AA00CC7772 /* Base */ = {isa = PBXFileReference; lastKnownFileType = file.storyboard; name = Base; path = Base.lproj/Main.storyboard; sourceTree = "<group>"; };
		23C549C2266E77AA00CC7772 /* StudentManager.xcdatamodel */ = {isa = PBXFileReference; lastKnownFileType = wrapper.xcdatamodel; path = StudentManager.xcdatamodel; sourceTree = "<group>"; };
		23C549C4266E77AB00CC7772 /* Assets.xcassets */ = {isa = PBXFileReference; lastKnownFileType = folder.assetcatalog; path = Assets.xcassets; sourceTree = "<group>"; };
		23C549C7266E77AB00CC7772 /* Base */ = {isa = PBXFileReference; lastKnownFileType = file.storyboard; name = Base; path = Base.lproj/LaunchScreen.storyboard; sourceTree = "<group>"; };
		23C549C9266E77AB00CC7772 /* Info.plist */ = {isa = PBXFileReference; lastKnownFileType = text.plist.xml; path = Info.plist; sourceTree = "<group>"; };
/* End PBXFileReference section */

/* Begin PBXFrameworksBuildPhase section */
		23C549B2266E77AA00CC7772 /* Frameworks */ = {
			isa = PBXFrameworksBuildPhase;
			buildActionMask = 2147483647;
			files = (
			);
			runOnlyForDeploymentPostprocessing = 0;
		};
/* End PBXFrameworksBuildPhase section */

/* Begin PBXGroup section */
		23C549AC266E77AA00CC7772 = {
			isa = PBXGroup;
			children = (
				23C549B7266E77AA00CC7772 /* StudentManager */,
				23C549B6266E77AA00CC7772 /* Products */,
			);
			sourceTree = "<group>";
		};
		23C549B6266E77AA00CC7772 /* Products */ = {
			isa = PBXGroup;
			children = (
				23C549B5266E77AA00CC7772 /* StudentManager.app */,
			);
			name = Products;
			sourceTree = "<group>";
		};
		23C549B7266E77AA00CC7772 /* StudentManager */ = {
			isa = PBXGroup;
			children = (
				23C549B8266E77AA00CC7772 /* AppDelegate.swift */,
				23C549BA266E77AA00CC7772 /* SceneDelegate.swift */,
				23C549BC266E77AA00CC7772 /* ShowStudentsController.swift */,
				23C549BE266E77AA00CC7772 /* Main.storyboard */,
				232194E52671205700A5035D /* AddStudentsController.swift */,
				23C549C4266E77AB00CC7772 /* Assets.xcassets */,
				23C549C6266E77AB00CC7772 /* LaunchScreen.storyboard */,
				23C549C9266E77AB00CC7772 /* Info.plist */,
				23C549C1266E77AA00CC7772 /* StudentManager.xcdatamodeld */,
			);
			path = StudentManager;
			sourceTree = "<group>";
		};
/* End PBXGroup section */

/* Begin PBXNativeTarget section */
		23C549B4266E77AA00CC7772 /* StudentManager */ = {
			isa = PBXNativeTarget;
			buildConfigurationList = 23C549CC266E77AB00CC7772 /* Build configuration list for PBXNativeTarget "StudentManager" */;
			buildPhases = (
				23C549B1266E77AA00CC7772 /* Sources */,
				23C549B2266E77AA00CC7772 /* Frameworks */,
				23C549B3266E77AA00CC7772 /* Resources */,
			);
			buildRules = (
			);
			dependencies = (
			);
			name = StudentManager;
			productName = StudentManager;
			productReference = 23C549B5266E77AA00CC7772 /* StudentManager.app */;
			productType = "com.apple.product-type.application";
		};
/* End PBXNativeTarget section */

/* Begin PBXProject section */
		23C549AD266E77AA00CC7772 /* Project object */ = {
			isa = PBXProject;
			attributes = {
				LastSwiftUpdateCheck = 1130;
				LastUpgradeCheck = 1130;
				ORGANIZATIONNAME = MNizar;
				TargetAttributes = {
					23C549B4266E77AA00CC7772 = {
						CreatedOnToolsVersion = 11.3.1;
					};
				};
			};
			buildConfigurationList = 23C549B0266E77AA00CC7772 /* Build configuration list for PBXProject "StudentManager" */;
			compatibilityVersion = "Xcode 9.3";
			developmentRegion = en;
			hasScannedForEncodings = 0;
			knownRegions = (
				en,
				Base,
			);
			mainGroup = 23C549AC266E77AA00CC7772;
			productRefGroup = 23C549B6266E77AA00CC7772 /* Products */;
			projectDirPath = "";
			projectRoot = "";
			targets = (
				23C549B4266E77AA00CC7772 /* StudentManager */,
			);
		};
/* End PBXProject section */

/* Begin PBXResourcesBuildPhase section */
		23C549B3266E77AA00CC7772 /* Resources */ = {
			isa = PBXResourcesBuildPhase;
			buildActionMask = 2147483647;
			files = (
				23C549C8266E77AB00CC7772 /* LaunchScreen.storyboard in Resources */,
				23C549C5266E77AB00CC7772 /* Assets.xcassets in Resources */,
				23C549C0266E77AA00CC7772 /* Main.storyboard in Resources */,
			);
			runOnlyForDeploymentPostprocessing = 0;
		};
/* End PBXResourcesBuildPhase section */

/* Begin PBXSourcesBuildPhase section */
		23C549B1266E77AA00CC7772 /* Sources */ = {
			isa = PBXSourcesBuildPhase;
			buildActionMask = 2147483647;
			files = (
				23C549BD266E77AA00CC7772 /* ShowStudentsController.swift in Sources */,
				23C549C3266E77AA00CC7772 /* StudentManager.xcdatamodeld in Sources */,
				23C549B9266E77AA00CC7772 /* AppDelegate.swift in Sources */,
				23C549BB266E77AA00CC7772 /* SceneDelegate.swift in Sources */,
				232194E62671205700A5035D /* AddStudentsController.swift in Sources */,
			);
			runOnlyForDeploymentPostprocessing = 0;
		};
/* End PBXSourcesBuildPhase section */

/* Begin PBXVariantGroup section */
		23C549BE266E77AA00CC7772 /* Main.storyboard */ = {
			isa = PBXVariantGroup;
			children = (
				23C549BF266E77AA00CC7772 /* Base */,
			);
			name = Main.storyboard;
			sourceTree = "<group>";
		};
		23C549C6266E77AB00CC7772 /* LaunchScreen.storyboard */ = {
			isa = PBXVariantGroup;
			children = (
				23C549C7266E77AB00CC7772 /* Base */,
			);
			name = LaunchScreen.storyboard;
			sourceTree = "<group>";
		};
/* End PBXVariantGroup section */

/* Begin XCBuildConfiguration section */
		23C549CA266E77AB00CC7772 /* Debug */ = {
			isa = XCBuildConfiguration;
			buildSettings = {
				ALWAYS_SEARCH_USER_PATHS = NO;
				CLANG_ANALYZER_NONNULL = YES;
				CLANG_ANALYZER_NUMBER_OBJECT_CONVERSION = YES_AGGRESSIVE;
				CLANG_CXX_LANGUAGE_STANDARD = "gnu++14";
				CLANG_CXX_LIBRARY = "libc++";
				CLANG_ENABLE_MODULES = YES;
				CLANG_ENABLE_OBJC_ARC = YES;
				CLANG_ENABLE_OBJC_WEAK = YES;
				CLANG_WARN_BLOCK_CAPTURE_AUTORELEASING = YES;
				CLANG_WARN_BOOL_CONVERSION = YES;
				CLANG_WARN_COMMA = YES;
				CLANG_WARN_CONSTANT_CONVERSION = YES;
				CLANG_WARN_DEPRECATED_OBJC_IMPLEMENTATIONS = YES;
				CLANG_WARN_DIRECT_OBJC_ISA_USAGE = YES_ERROR;
				CLANG_WARN_DOCUMENTATION_COMMENTS = YES;
				CLANG_WARN_EMPTY_BODY = YES;
				CLANG_WARN_ENUM_CONVERSION = YES;
				CLANG_WARN_INFINITE_RECURSION = YES;
				CLANG_WARN_INT_CONVERSION = YES;
				CLANG_WARN_NON_LITERAL_NULL_CONVERSION = YES;
				CLANG_WARN_OBJC_IMPLICIT_RETAIN_SELF = YES;
				CLANG_WARN_OBJC_LITERAL_CONVERSION = YES;
				CLANG_WARN_OBJC_ROOT_CLASS = YES_ERROR;
				CLANG_WARN_RANGE_LOOP_ANALYSIS = YES;
				CLANG_WARN_STRICT_PROTOTYPES = YES;
				CLANG_WARN_SUSPICIOUS_MOVE = YES;
				CLANG_WARN_UNGUARDED_AVAILABILITY = YES_AGGRESSIVE;
				CLANG_WARN_UNREACHABLE_CODE = YES;
				CLANG_WARN__DUPLICATE_METHOD_MATCH = YES;
				COPY_PHASE_STRIP = NO;
				DEBUG_INFORMATION_FORMAT = dwarf;
				ENABLE_STRICT_OBJC_MSGSEND = YES;
				ENABLE_TESTABILITY = YES;
				GCC_C_LANGUAGE_STANDARD = gnu11;
				GCC_DYNAMIC_NO_PIC = NO;
				GCC_NO_COMMON_BLOCKS = YES;
				GCC_OPTIMIZATION_LEVEL = 0;
				GCC_PREPROCESSOR_DEFINITIONS = (
					"DEBUG=1",
					"$(inherited)",
				);
				GCC_WARN_64_TO_32_BIT_CONVERSION = YES;
				GCC_WARN_ABOUT_RETURN_TYPE = YES_ERROR;
				GCC_WARN_UNDECLARED_SELECTOR = YES;
				GCC_WARN_UNINITIALIZED_AUTOS = YES_AGGRESSIVE;
				GCC_WARN_UNUSED_FUNCTION = YES;
				GCC_WARN_UNUSED_VARIABLE = YES;
				IPHONEOS_DEPLOYMENT_TARGET = 13.2;
				MTL_ENABLE_DEBUG_INFO = INCLUDE_SOURCE;
				MTL_FAST_MATH = YES;
				ONLY_ACTIVE_ARCH = YES;
				SDKROOT = iphoneos;
				SWIFT_ACTIVE_COMPILATION_CONDITIONS = DEBUG;
				SWIFT_OPTIMIZATION_LEVEL = "-Onone";
			};
			name = Debug;
		};
		23C549CB266E77AB00CC7772 /* Release */ = {
			isa = XCBuildConfiguration;
			buildSettings = {
				ALWAYS_SEARCH_USER_PATHS = NO;
				CLANG_ANALYZER_NONNULL = YES;
				CLANG_ANALYZER_NUMBER_OBJECT_CONVERSION = YES_AGGRESSIVE;
				CLANG_CXX_LANGUAGE_STANDARD = "gnu++14";
				CLANG_CXX_LIBRARY = "libc++";
				CLANG_ENABLE_MODULES = YES;
				CLANG_ENABLE_OBJC_ARC = YES;
				CLANG_ENABLE_OBJC_WEAK = YES;
				CLANG_WARN_BLOCK_CAPTURE_AUTORELEASING = YES;
				CLANG_WARN_BOOL_CONVERSION = YES;
				CLANG_WARN_COMMA = YES;
				CLANG_WARN_CONSTANT_CONVERSION = YES;
				CLANG_WARN_DEPRECATED_OBJC_IMPLEMENTATIONS = YES;
				CLANG_WARN_DIRECT_OBJC_ISA_USAGE = YES_ERROR;
				CLANG_WARN_DOCUMENTATION_COMMENTS = YES;
				CLANG_WARN_EMPTY_BODY = YES;
				CLANG_WARN_ENUM_CONVERSION = YES;
				CLANG_WARN_INFINITE_RECURSION = YES;
				CLANG_WARN_INT_CONVERSION = YES;
				CLANG_WARN_NON_LITERAL_NULL_CONVERSION = YES;
				CLANG_WARN_OBJC_IMPLICIT_RETAIN_SELF = YES;
				CLANG_WARN_OBJC_LITERAL_CONVERSION = YES;
				CLANG_WARN_OBJC_ROOT_CLASS = YES_ERROR;
				CLANG_WARN_RANGE_LOOP_ANALYSIS = YES;
				CLANG_WARN_STRICT_PROTOTYPES = YES;
				CLANG_WARN_SUSPICIOUS_MOVE = YES;
				CLANG_WARN_UNGUARDED_AVAILABILITY = YES_AGGRESSIVE;
				CLANG_WARN_UNREACHABLE_CODE = YES;
				CLANG_WARN__DUPLICATE_METHOD_MATCH = YES;
				COPY_PHASE_STRIP = NO;
				DEBUG_INFORMATION_FORMAT = "dwarf-with-dsym";
				ENABLE_NS_ASSERTIONS = NO;
				ENABLE_STRICT_OBJC_MSGSEND = YES;
				GCC_C_LANGUAGE_STANDARD = gnu11;
				GCC_NO_COMMON_BLOCKS = YES;
				GCC_WARN_64_TO_32_BIT_CONVERSION = YES;
				GCC_WARN_ABOUT_RETURN_TYPE = YES_ERROR;
				GCC_WARN_UNDECLARED_SELECTOR = YES;
				GCC_WARN_UNINITIALIZED_AUTOS = YES_AGGRESSIVE;
				GCC_WARN_UNUSED_FUNCTION = YES;
				GCC_WARN_UNUSED_VARIABLE = YES;
				IPHONEOS_DEPLOYMENT_TARGET = 13.2;
				MTL_ENABLE_DEBUG_INFO = NO;
				MTL_FAST_MATH = YES;
				SDKROOT = iphoneos;
				SWIFT_COMPILATION_MODE = wholemodule;
				SWIFT_OPTIMIZATION_LEVEL = "-O";
				VALIDATE_PRODUCT = YES;
			};
			name = Release;
		};
		23C549CD266E77AB00CC7772 /* Debug */ = {
			isa = XCBuildConfiguration;
			buildSettings = {
				ASSETCATALOG_COMPILER_APPICON_NAME = AppIcon;
				CODE_SIGN_STYLE = Automatic;
				INFOPLIST_FILE = StudentManager/Info.plist;
				LD_RUNPATH_SEARCH_PATHS = (
					"$(inherited)",
					"@executable_path/Frameworks",
				);
				PRODUCT_BUNDLE_IDENTIFIER = com.Demo.StudentManager;
				PRODUCT_NAME = "$(TARGET_NAME)";
				SWIFT_VERSION = 5.0;
				TARGETED_DEVICE_FAMILY = "1,2";
			};
			name = Debug;
		};
		23C549CE266E77AB00CC7772 /* Release */ = {
			isa = XCBuildConfiguration;
			buildSettings = {
				ASSETCATALOG_COMPILER_APPICON_NAME = AppIcon;
				CODE_SIGN_STYLE = Automatic;
				INFOPLIST_FILE = StudentManager/Info.plist;
				LD_RUNPATH_SEARCH_PATHS = (
					"$(inherited)",
					"@executable_path/Frameworks",
				);
				PRODUCT_BUNDLE_IDENTIFIER = com.Demo.StudentManager;
				PRODUCT_NAME = "$(TARGET_NAME)";
				SWIFT_VERSION = 5.0;
				TARGETED_DEVICE_FAMILY = "1,2";
			};
			name = Release;
		};
/* End XCBuildConfiguration section */

/* Begin XCConfigurationList section */
		23C549B0266E77AA00CC7772 /* Build configuration list for PBXProject "StudentManager" */ = {
			isa = XCConfigurationList;
			buildConfigurations = (
				23C549CA266E77AB00CC7772 /* Debug */,
				23C549CB266E77AB00CC7772 /* Release */,
			);
			defaultConfigurationIsVisible = 0;
			defaultConfigurationName = Release;
		};
		23C549CC266E77AB00CC7772 /* Build configuration list for PBXNativeTarget "StudentManager" */ = {
			isa = XCConfigurationList;
			buildConfigurations = (
				23C549CD266E77AB00CC7772 /* Debug */,
				23C549CE266E77AB00CC7772 /* Release */,
			);
			defaultConfigurationIsVisible = 0;
			defaultConfigurationName = Release;
		};
/* End XCConfigurationList section */

/* Begin XCVersionGroup section */
		23C549C1266E77AA00CC7772 /* StudentManager.xcdatamodeld */ = {
			isa = XCVersionGroup;
			children = (
				23C549C2266E77AA00CC7772 /* StudentManager.xcdatamodel */,
			);
			currentVersion = 23C549C2266E77AA00CC7772 /* StudentManager.xcdatamodel */;
			path = StudentManager.xcdatamodeld;
			sourceTree = "<group>";
			versionGroupType = wrapper.xcdatamodel;
		};
/* End XCVersionGroup section */
	};
	rootObject = 23C549AD266E77AA00CC7772 /* Project object */;
}
